// !$*UTF8*$!
{
	archiveVersion = 1;
	classes = {
	};
	objectVersion = 46;
	objects = {

/* Begin PBXBuildFile section */
		9A4771FD181673F800088FAC /* UIKit.framework in Frameworks */ = {isa = PBXBuildFile; fileRef = 9A4771FC181673F800088FAC /* UIKit.framework */; };
		9A4771FF181673F800088FAC /* Foundation.framework in Frameworks */ = {isa = PBXBuildFile; fileRef = 9A4771FE181673F800088FAC /* Foundation.framework */; };
		9A477201181673F800088FAC /* CoreGraphics.framework in Frameworks */ = {isa = PBXBuildFile; fileRef = 9A477200181673F800088FAC /* CoreGraphics.framework */; };
		9A477207181673F800088FAC /* InfoPlist.strings in Resources */ = {isa = PBXBuildFile; fileRef = 9A477205181673F800088FAC /* InfoPlist.strings */; };
		9A477209181673F800088FAC /* main.m in Sources */ = {isa = PBXBuildFile; fileRef = 9A477208181673F800088FAC /* main.m */; };
		9A47720D181673F800088FAC /* AppDelegate.m in Sources */ = {isa = PBXBuildFile; fileRef = 9A47720C181673F800088FAC /* AppDelegate.m */; };
		9A47720F181673F800088FAC /* Default.png in Resources */ = {isa = PBXBuildFile; fileRef = 9A47720E181673F800088FAC /* Default.png */; };
		9A477211181673F800088FAC /* Default@2x.png in Resources */ = {isa = PBXBuildFile; fileRef = 9A477210181673F800088FAC /* Default@2x.png */; };
		9A477213181673F800088FAC /* Default-568h@2x.png in Resources */ = {isa = PBXBuildFile; fileRef = 9A477212181673F800088FAC /* Default-568h@2x.png */; };
		9A4D819F1816870200960293 /* CFNetwork.framework in Frameworks */ = {isa = PBXBuildFile; fileRef = 9A4D819E1816870200960293 /* CFNetwork.framework */; };
		9A4D81A11816871B00960293 /* MobileCoreServices.framework in Frameworks */ = {isa = PBXBuildFile; fileRef = 9A4D81A01816871B00960293 /* MobileCoreServices.framework */; };
		9A4D81A31816879E00960293 /* Security.framework in Frameworks */ = {isa = PBXBuildFile; fileRef = 9A4D81A21816879E00960293 /* Security.framework */; };
		9A4D81AF1816893D00960293 /* SystemConfiguration.framework in Frameworks */ = {isa = PBXBuildFile; fileRef = 9A4D81AE1816893D00960293 /* SystemConfiguration.framework */; };
		9A4D81C518168E3000960293 /* CoreData.framework in Frameworks */ = {isa = PBXBuildFile; fileRef = 9A4D81C418168E3000960293 /* CoreData.framework */; };
		9A52053D1818FF8100CE4792 /* Book.m in Sources */ = {isa = PBXBuildFile; fileRef = 9A52053C1818FF8100CE4792 /* Book.m */; };
		9A53BCA7181CBB4B005A20F1 /* placeholder.png in Resources */ = {isa = PBXBuildFile; fileRef = 9A53BCA6181CBB4B005A20F1 /* placeholder.png */; };
		9A53BCAA181CD6ED005A20F1 /* BookListTableViewCell.m in Sources */ = {isa = PBXBuildFile; fileRef = 9A53BCA9181CD6ED005A20F1 /* BookListTableViewCell.m */; };
		9A5925D5181916C800CE1206 /* Image.m in Sources */ = {isa = PBXBuildFile; fileRef = 9A5925D4181916C800CE1206 /* Image.m */; };
		9A5925D81819189200CE1206 /* Rating.m in Sources */ = {isa = PBXBuildFile; fileRef = 9A5925D71819189200CE1206 /* Rating.m */; };
		9A5925DB181922B100CE1206 /* Tags.m in Sources */ = {isa = PBXBuildFile; fileRef = 9A5925DA181922B100CE1206 /* Tags.m */; };
		9A85A9D0181B5F2900FDB0BF /* BookList.m in Sources */ = {isa = PBXBuildFile; fileRef = 9A85A9CF181B5F2900FDB0BF /* BookList.m */; };
		9AEA17D2181B967E00448264 /* BookListTableView.m in Sources */ = {isa = PBXBuildFile; fileRef = 9AEA17D1181B967E00448264 /* BookListTableView.m */; };
		9AF78430181AA1580056DB62 /* RootViewController.m in Sources */ = {isa = PBXBuildFile; fileRef = 9AF7842F181AA1580056DB62 /* RootViewController.m */; };
		F84FA6A54C87468A87FC2FC9 /* libPods.a in Frameworks */ = {isa = PBXBuildFile; fileRef = 645EA8F5B25044A1B88D39F5 /* libPods.a */; };
/* End PBXBuildFile section */

/* Begin PBXFileReference section */
		05E665F09D7D486BB0B043B5 /* Pods.xcconfig */ = {isa = PBXFileReference; includeInIndex = 1; lastKnownFileType = text.xcconfig; name = Pods.xcconfig; path = Pods/Pods.xcconfig; sourceTree = "<group>"; };
		645EA8F5B25044A1B88D39F5 /* libPods.a */ = {isa = PBXFileReference; explicitFileType = archive.ar; includeInIndex = 0; path = libPods.a; sourceTree = BUILT_PRODUCTS_DIR; };
		9A4771F9181673F800088FAC /* iphoneReader.app */ = {isa = PBXFileReference; explicitFileType = wrapper.application; includeInIndex = 0; path = iphoneReader.app; sourceTree = BUILT_PRODUCTS_DIR; };
		9A4771FC181673F800088FAC /* UIKit.framework */ = {isa = PBXFileReference; lastKnownFileType = wrapper.framework; name = UIKit.framework; path = System/Library/Frameworks/UIKit.framework; sourceTree = SDKROOT; };
		9A4771FE181673F800088FAC /* Foundation.framework */ = {isa = PBXFileReference; lastKnownFileType = wrapper.framework; name = Foundation.framework; path = System/Library/Frameworks/Foundation.framework; sourceTree = SDKROOT; };
		9A477200181673F800088FAC /* CoreGraphics.framework */ = {isa = PBXFileReference; lastKnownFileType = wrapper.framework; name = CoreGraphics.framework; path = System/Library/Frameworks/CoreGraphics.framework; sourceTree = SDKROOT; };
		9A477204181673F800088FAC /* iphoneReader-Info.plist */ = {isa = PBXFileReference; lastKnownFileType = text.plist.xml; path = "iphoneReader-Info.plist"; sourceTree = "<group>"; };
		9A477206181673F800088FAC /* en */ = {isa = PBXFileReference; lastKnownFileType = text.plist.strings; name = en; path = en.lproj/InfoPlist.strings; sourceTree = "<group>"; };
		9A477208181673F800088FAC /* main.m */ = {isa = PBXFileReference; lastKnownFileType = sourcecode.c.objc; path = main.m; sourceTree = "<group>"; };
		9A47720A181673F800088FAC /* iphoneReader-Prefix.pch */ = {isa = PBXFileReference; lastKnownFileType = sourcecode.c.h; path = "iphoneReader-Prefix.pch"; sourceTree = "<group>"; };
		9A47720B181673F800088FAC /* AppDelegate.h */ = {isa = PBXFileReference; lastKnownFileType = sourcecode.c.h; path = AppDelegate.h; sourceTree = "<group>"; };
		9A47720C181673F800088FAC /* AppDelegate.m */ = {isa = PBXFileReference; lastKnownFileType = sourcecode.c.objc; path = AppDelegate.m; sourceTree = "<group>"; };
		9A47720E181673F800088FAC /* Default.png */ = {isa = PBXFileReference; lastKnownFileType = image.png; path = Default.png; sourceTree = "<group>"; };
		9A477210181673F800088FAC /* Default@2x.png */ = {isa = PBXFileReference; lastKnownFileType = image.png; path = "Default@2x.png"; sourceTree = "<group>"; };
		9A477212181673F800088FAC /* Default-568h@2x.png */ = {isa = PBXFileReference; lastKnownFileType = image.png; path = "Default-568h@2x.png"; sourceTree = "<group>"; };
		9A4D819E1816870200960293 /* CFNetwork.framework */ = {isa = PBXFileReference; lastKnownFileType = wrapper.framework; name = CFNetwork.framework; path = System/Library/Frameworks/CFNetwork.framework; sourceTree = SDKROOT; };
		9A4D81A01816871B00960293 /* MobileCoreServices.framework */ = {isa = PBXFileReference; lastKnownFileType = wrapper.framework; name = MobileCoreServices.framework; path = System/Library/Frameworks/MobileCoreServices.framework; sourceTree = SDKROOT; };
		9A4D81A21816879E00960293 /* Security.framework */ = {isa = PBXFileReference; lastKnownFileType = wrapper.framework; name = Security.framework; path = System/Library/Frameworks/Security.framework; sourceTree = SDKROOT; };
		9A4D81AE1816893D00960293 /* SystemConfiguration.framework */ = {isa = PBXFileReference; lastKnownFileType = wrapper.framework; name = SystemConfiguration.framework; path = System/Library/Frameworks/SystemConfiguration.framework; sourceTree = SDKROOT; };
		9A4D81C418168E3000960293 /* CoreData.framework */ = {isa = PBXFileReference; lastKnownFileType = wrapper.framework; name = CoreData.framework; path = System/Library/Frameworks/CoreData.framework; sourceTree = SDKROOT; };
		9A52053B1818FF8100CE4792 /* Book.h */ = {isa = PBXFileReference; fileEncoding = 4; lastKnownFileType = sourcecode.c.h; path = Book.h; sourceTree = "<group>"; };
		9A52053C1818FF8100CE4792 /* Book.m */ = {isa = PBXFileReference; fileEncoding = 4; lastKnownFileType = sourcecode.c.objc; path = Book.m; sourceTree = "<group>"; };
		9A53BCA6181CBB4B005A20F1 /* placeholder.png */ = {isa = PBXFileReference; lastKnownFileType = image.png; path = placeholder.png; sourceTree = "<group>"; };
		9A53BCA8181CD6ED005A20F1 /* BookListTableViewCell.h */ = {isa = PBXFileReference; fileEncoding = 4; lastKnownFileType = sourcecode.c.h; path = BookListTableViewCell.h; sourceTree = "<group>"; };
		9A53BCA9181CD6ED005A20F1 /* BookListTableViewCell.m */ = {isa = PBXFileReference; fileEncoding = 4; lastKnownFileType = sourcecode.c.objc; path = BookListTableViewCell.m; sourceTree = "<group>"; };
		9A5925D3181916C800CE1206 /* Image.h */ = {isa = PBXFileReference; fileEncoding = 4; lastKnownFileType = sourcecode.c.h; path = Image.h; sourceTree = "<group>"; };
		9A5925D4181916C800CE1206 /* Image.m */ = {isa = PBXFileReference; fileEncoding = 4; lastKnownFileType = sourcecode.c.objc; path = Image.m; sourceTree = "<group>"; };
		9A5925D61819189200CE1206 /* Rating.h */ = {isa = PBXFileReference; fileEncoding = 4; lastKnownFileType = sourcecode.c.h; path = Rating.h; sourceTree = "<group>"; };
		9A5925D71819189200CE1206 /* Rating.m */ = {isa = PBXFileReference; fileEncoding = 4; lastKnownFileType = sourcecode.c.objc; path = Rating.m; sourceTree = "<group>"; };
		9A5925D9181922B100CE1206 /* Tags.h */ = {isa = PBXFileReference; fileEncoding = 4; lastKnownFileType = sourcecode.c.h; path = Tags.h; sourceTree = "<group>"; };
		9A5925DA181922B100CE1206 /* Tags.m */ = {isa = PBXFileReference; fileEncoding = 4; lastKnownFileType = sourcecode.c.objc; path = Tags.m; sourceTree = "<group>"; };
		9A85A9CE181B5F2900FDB0BF /* BookList.h */ = {isa = PBXFileReference; fileEncoding = 4; lastKnownFileType = sourcecode.c.h; path = BookList.h; sourceTree = "<group>"; };
		9A85A9CF181B5F2900FDB0BF /* BookList.m */ = {isa = PBXFileReference; fileEncoding = 4; lastKnownFileType = sourcecode.c.objc; path = BookList.m; sourceTree = "<group>"; };
		9AEA17D0181B967E00448264 /* BookListTableView.h */ = {isa = PBXFileReference; fileEncoding = 4; lastKnownFileType = sourcecode.c.h; path = BookListTableView.h; sourceTree = "<group>"; };
		9AEA17D1181B967E00448264 /* BookListTableView.m */ = {isa = PBXFileReference; fileEncoding = 4; lastKnownFileType = sourcecode.c.objc; path = BookListTableView.m; sourceTree = "<group>"; };
		9AF7842E181AA1580056DB62 /* RootViewController.h */ = {isa = PBXFileReference; fileEncoding = 4; lastKnownFileType = sourcecode.c.h; path = RootViewController.h; sourceTree = "<group>"; };
		9AF7842F181AA1580056DB62 /* RootViewController.m */ = {isa = PBXFileReference; fileEncoding = 4; lastKnownFileType = sourcecode.c.objc; path = RootViewController.m; sourceTree = "<group>"; };
/* End PBXFileReference section */

/* Begin PBXFrameworksBuildPhase section */
		9A4771F6181673F800088FAC /* Frameworks */ = {
			isa = PBXFrameworksBuildPhase;
			buildActionMask = 2147483647;
			files = (
				9A4D81C518168E3000960293 /* CoreData.framework in Frameworks */,
				9A4D81AF1816893D00960293 /* SystemConfiguration.framework in Frameworks */,
				9A4D81A31816879E00960293 /* Security.framework in Frameworks */,
				9A4D81A11816871B00960293 /* MobileCoreServices.framework in Frameworks */,
				9A477201181673F800088FAC /* CoreGraphics.framework in Frameworks */,
				9A4D819F1816870200960293 /* CFNetwork.framework in Frameworks */,
				9A4771FD181673F800088FAC /* UIKit.framework in Frameworks */,
				9A4771FF181673F800088FAC /* Foundation.framework in Frameworks */,
				F84FA6A54C87468A87FC2FC9 /* libPods.a in Frameworks */,
			);
			runOnlyForDeploymentPostprocessing = 0;
		};
/* End PBXFrameworksBuildPhase section */

/* Begin PBXGroup section */
		9A4771F0181673F800088FAC = {
			isa = PBXGroup;
			children = (
				9A477202181673F800088FAC /* iphoneReader */,
				9A4771FB181673F800088FAC /* Frameworks */,
				9A4771FA181673F800088FAC /* Products */,
				05E665F09D7D486BB0B043B5 /* Pods.xcconfig */,
			);
			sourceTree = "<group>";
		};
		9A4771FA181673F800088FAC /* Products */ = {
			isa = PBXGroup;
			children = (
				9A4771F9181673F800088FAC /* iphoneReader.app */,
			);
			name = Products;
			sourceTree = "<group>";
		};
		9A4771FB181673F800088FAC /* Frameworks */ = {
			isa = PBXGroup;
			children = (
				9A4D81C418168E3000960293 /* CoreData.framework */,
				9A4D81AE1816893D00960293 /* SystemConfiguration.framework */,
				9A4D81A21816879E00960293 /* Security.framework */,
				9A4D81A01816871B00960293 /* MobileCoreServices.framework */,
				9A4D819E1816870200960293 /* CFNetwork.framework */,
				9A4771FC181673F800088FAC /* UIKit.framework */,
				9A4771FE181673F800088FAC /* Foundation.framework */,
				9A477200181673F800088FAC /* CoreGraphics.framework */,
				645EA8F5B25044A1B88D39F5 /* libPods.a */,
			);
			name = Frameworks;
			sourceTree = "<group>";
		};
		9A477202181673F800088FAC /* iphoneReader */ = {
			isa = PBXGroup;
			children = (
				9A47720B181673F800088FAC /* AppDelegate.h */,
				9A47720C181673F800088FAC /* AppDelegate.m */,
				9AB0E7571817AF3700166BDB /* Models */,
				9AB0E7591817AF3700166BDB /* Views */,
				9AF7842A181AA1160056DB62 /* Controllers */,
				9A477203181673F800088FAC /* Supporting Files */,
			);
			path = iphoneReader;
			sourceTree = "<group>";
		};
		9A477203181673F800088FAC /* Supporting Files */ = {
			isa = PBXGroup;
			children = (
				9A53BCA5181CBB4B005A20F1 /* Images */,
				9A477204181673F800088FAC /* iphoneReader-Info.plist */,
				9A477205181673F800088FAC /* InfoPlist.strings */,
				9A477208181673F800088FAC /* main.m */,
				9A47720A181673F800088FAC /* iphoneReader-Prefix.pch */,
				9A47720E181673F800088FAC /* Default.png */,
				9A477210181673F800088FAC /* Default@2x.png */,
				9A477212181673F800088FAC /* Default-568h@2x.png */,
			);
			name = "Supporting Files";
			sourceTree = "<group>";
		};
		9A53BCA5181CBB4B005A20F1 /* Images */ = {
			isa = PBXGroup;
			children = (
				9A53BCA6181CBB4B005A20F1 /* placeholder.png */,
			);
			path = Images;
			sourceTree = "<group>";
		};
		9A53BCAB181CDC0A005A20F1 /* BookListTableView */ = {
			isa = PBXGroup;
			children = (
				9AEA17D0181B967E00448264 /* BookListTableView.h */,
				9AEA17D1181B967E00448264 /* BookListTableView.m */,
			);
			name = BookListTableView;
			sourceTree = "<group>";
		};
		9A5925DC181922CF00CE1206 /* BookModel */ = {
			isa = PBXGroup;
			children = (
				9A52053B1818FF8100CE4792 /* Book.h */,
				9A52053C1818FF8100CE4792 /* Book.m */,
			);
			name = BookModel;
			sourceTree = "<group>";
		};
		9A5925DD181922E900CE1206 /* ImageModel */ = {
			isa = PBXGroup;
			children = (
				9A5925D3181916C800CE1206 /* Image.h */,
				9A5925D4181916C800CE1206 /* Image.m */,
			);
			name = ImageModel;
			sourceTree = "<group>";
		};
		9A5925DE1819241B00CE1206 /* RatingModel */ = {
			isa = PBXGroup;
			children = (
				9A5925D61819189200CE1206 /* Rating.h */,
				9A5925D71819189200CE1206 /* Rating.m */,
			);
			name = RatingModel;
			sourceTree = "<group>";
		};
		9A5925E01819244900CE1206 /* TagsModel */ = {
			isa = PBXGroup;
			children = (
				9A5925D9181922B100CE1206 /* Tags.h */,
				9A5925DA181922B100CE1206 /* Tags.m */,
			);
			name = TagsModel;
			sourceTree = "<group>";
		};
		9A85A9D1181B5F3A00FDB0BF /* BookList */ = {
			isa = PBXGroup;
			children = (
				9A85A9CE181B5F2900FDB0BF /* BookList.h */,
				9A85A9CF181B5F2900FDB0BF /* BookList.m */,
			);
			name = BookList;
			sourceTree = "<group>";
		};
		9AB0E7571817AF3700166BDB /* Models */ = {
			isa = PBXGroup;
			children = (
				9A5925DC181922CF00CE1206 /* BookModel */,
				9A5925DD181922E900CE1206 /* ImageModel */,
				9A5925DE1819241B00CE1206 /* RatingModel */,
				9A5925E01819244900CE1206 /* TagsModel */,
				9A85A9D1181B5F3A00FDB0BF /* BookList */,
			);
			path = Models;
			sourceTree = "<group>";
		};
		9AB0E7591817AF3700166BDB /* Views */ = {
			isa = PBXGroup;
			children = (
				9A53BCAB181CDC0A005A20F1 /* BookListTableView */,
				9A53BCA8181CD6ED005A20F1 /* BookListTableViewCell.h */,
				9A53BCA9181CD6ED005A20F1 /* BookListTableViewCell.m */,
			);
			path = Views;
			sourceTree = "<group>";
		};
		9AF7842A181AA1160056DB62 /* Controllers */ = {
			isa = PBXGroup;
			children = (
				9AF7842E181AA1580056DB62 /* RootViewController.h */,
				9AF7842F181AA1580056DB62 /* RootViewController.m */,
			);
			path = Controllers;
			sourceTree = "<group>";
		};
/* End PBXGroup section */

/* Begin PBXNativeTarget section */
		9A4771F8181673F800088FAC /* iphoneReader */ = {
			isa = PBXNativeTarget;
			buildConfigurationList = 9A477216181673F800088FAC /* Build configuration list for PBXNativeTarget "iphoneReader" */;
			buildPhases = (
				95287AFE1BF0422784F9A957 /* Check Pods Manifest.lock */,
				9A4771F5181673F800088FAC /* Sources */,
				9A4771F6181673F800088FAC /* Frameworks */,
				9A4771F7181673F800088FAC /* Resources */,
				0E74A2D27AE44066ACAFABD9 /* Copy Pods Resources */,
			);
			buildRules = (
			);
			dependencies = (
			);
			name = iphoneReader;
			productName = iphoneReader;
			productReference = 9A4771F9181673F800088FAC /* iphoneReader.app */;
			productType = "com.apple.product-type.application";
		};
/* End PBXNativeTarget section */

/* Begin PBXProject section */
		9A4771F1181673F800088FAC /* Project object */ = {
			isa = PBXProject;
			attributes = {
				LastUpgradeCheck = 0460;
				ORGANIZATIONNAME = lunajin;
			};
			buildConfigurationList = 9A4771F4181673F800088FAC /* Build configuration list for PBXProject "iphoneReader" */;
			compatibilityVersion = "Xcode 3.2";
			developmentRegion = English;
			hasScannedForEncodings = 0;
			knownRegions = (
				en,
			);
			mainGroup = 9A4771F0181673F800088FAC;
			productRefGroup = 9A4771FA181673F800088FAC /* Products */;
			projectDirPath = "";
			projectRoot = "";
			targets = (
				9A4771F8181673F800088FAC /* iphoneReader */,
			);
		};
/* End PBXProject section */

/* Begin PBXResourcesBuildPhase section */
		9A4771F7181673F800088FAC /* Resources */ = {
			isa = PBXResourcesBuildPhase;
			buildActionMask = 2147483647;
			files = (
				9A477207181673F800088FAC /* InfoPlist.strings in Resources */,
				9A47720F181673F800088FAC /* Default.png in Resources */,
				9A477211181673F800088FAC /* Default@2x.png in Resources */,
				9A477213181673F800088FAC /* Default-568h@2x.png in Resources */,
				9A53BCA7181CBB4B005A20F1 /* placeholder.png in Resources */,
			);
			runOnlyForDeploymentPostprocessing = 0;
		};
/* End PBXResourcesBuildPhase section */

/* Begin PBXShellScriptBuildPhase section */
		0E74A2D27AE44066ACAFABD9 /* Copy Pods Resources */ = {
			isa = PBXShellScriptBuildPhase;
			buildActionMask = 2147483647;
			files = (
			);
			inputPaths = (
			);
			name = "Copy Pods Resources";
			outputPaths = (
			);
			runOnlyForDeploymentPostprocessing = 0;
			shellPath = /bin/sh;
			shellScript = "\"${SRCROOT}/Pods/Pods-resources.sh\"\n";
			showEnvVarsInLog = 0;
		};
		95287AFE1BF0422784F9A957 /* Check Pods Manifest.lock */ = {
			isa = PBXShellScriptBuildPhase;
			buildActionMask = 2147483647;
			files = (
			);
			inputPaths = (
			);
			name = "Check Pods Manifest.lock";
			outputPaths = (
			);
			runOnlyForDeploymentPostprocessing = 0;
			shellPath = /bin/sh;
			shellScript = "diff \"${PODS_ROOT}/../Podfile.lock\" \"${PODS_ROOT}/Manifest.lock\" > /dev/null\nif [[ $? != 0 ]] ; then\n    cat << EOM\nerror: The sandbox is not in sync with the Podfile.lock. Run 'pod install' or update your CocoaPods installation.\nEOM\n    exit 1\nfi\n";
			showEnvVarsInLog = 0;
		};
/* End PBXShellScriptBuildPhase section */

/* Begin PBXSourcesBuildPhase section */
		9A4771F5181673F800088FAC /* Sources */ = {
			isa = PBXSourcesBuildPhase;
			buildActionMask = 2147483647;
			files = (
				9A477209181673F800088FAC /* main.m in Sources */,
				9A47720D181673F800088FAC /* AppDelegate.m in Sources */,
				9A52053D1818FF8100CE4792 /* Book.m in Sources */,
				9A5925D5181916C800CE1206 /* Image.m in Sources */,
				9A5925D81819189200CE1206 /* Rating.m in Sources */,
				9A5925DB181922B100CE1206 /* Tags.m in Sources */,
				9AF78430181AA1580056DB62 /* RootViewController.m in Sources */,
				9A85A9D0181B5F2900FDB0BF /* BookList.m in Sources */,
				9AEA17D2181B967E00448264 /* BookListTableView.m in Sources */,
				9A53BCAA181CD6ED005A20F1 /* BookListTableViewCell.m in Sources */,
			);
			runOnlyForDeploymentPostprocessing = 0;
		};
/* End PBXSourcesBuildPhase section */

/* Begin PBXVariantGroup section */
		9A477205181673F800088FAC /* InfoPlist.strings */ = {
			isa = PBXVariantGroup;
			children = (
				9A477206181673F800088FAC /* en */,
			);
			name = InfoPlist.strings;
			sourceTree = "<group>";
		};
/* End PBXVariantGroup section */

/* Begin XCBuildConfiguration section */
		9A477214181673F800088FAC /* Debug */ = {
			isa = XCBuildConfiguration;
			buildSettings = {
				ALWAYS_SEARCH_USER_PATHS = NO;
				CLANG_CXX_LANGUAGE_STANDARD = "gnu++0x";
				CLANG_CXX_LIBRARY = "libc++";
				CLANG_ENABLE_OBJC_ARC = YES;
				CLANG_WARN_CONSTANT_CONVERSION = YES;
				CLANG_WARN_EMPTY_BODY = YES;
				CLANG_WARN_ENUM_CONVERSION = YES;
				CLANG_WARN_INT_CONVERSION = YES;
				CLANG_WARN__DUPLICATE_METHOD_MATCH = YES;
				"CODE_SIGN_IDENTITY[sdk=iphoneos*]" = "iPhone Developer";
				COPY_PHASE_STRIP = NO;
				GCC_C_LANGUAGE_STANDARD = gnu99;
				GCC_DYNAMIC_NO_PIC = NO;
				GCC_OPTIMIZATION_LEVEL = 0;
				GCC_PREPROCESSOR_DEFINITIONS = (
					"DEBUG=1",
					"$(inherited)",
				);
				GCC_SYMBOLS_PRIVATE_EXTERN = NO;
				GCC_WARN_ABOUT_RETURN_TYPE = YES;
				GCC_WARN_UNINITIALIZED_AUTOS = YES;
				GCC_WARN_UNUSED_VARIABLE = YES;
				IPHONEOS_DEPLOYMENT_TARGET = 6.1;
				ONLY_ACTIVE_ARCH = YES;
				SDKROOT = iphoneos;
			};
			name = Debug;
		};
		9A477215181673F800088FAC /* Release */ = {
			isa = XCBuildConfiguration;
			buildSettings = {
				ALWAYS_SEARCH_USER_PATHS = NO;
				CLANG_CXX_LANGUAGE_STANDARD = "gnu++0x";
				CLANG_CXX_LIBRARY = "libc++";
				CLANG_ENABLE_OBJC_ARC = YES;
				CLANG_WARN_CONSTANT_CONVERSION = YES;
				CLANG_WARN_EMPTY_BODY = YES;
				CLANG_WARN_ENUM_CONVERSION = YES;
				CLANG_WARN_INT_CONVERSION = YES;
				CLANG_WARN__DUPLICATE_METHOD_MATCH = YES;
				"CODE_SIGN_IDENTITY[sdk=iphoneos*]" = "iPhone Developer";
				COPY_PHASE_STRIP = YES;
				GCC_C_LANGUAGE_STANDARD = gnu99;
				GCC_WARN_ABOUT_RETURN_TYPE = YES;
				GCC_WARN_UNINITIALIZED_AUTOS = YES;
				GCC_WARN_UNUSED_VARIABLE = YES;
				IPHONEOS_DEPLOYMENT_TARGET = 6.1;
				OTHER_CFLAGS = "-DNS_BLOCK_ASSERTIONS=1";
				SDKROOT = iphoneos;
				VALIDATE_PRODUCT = YES;
			};
			name = Release;
		};
		9A477217181673F800088FAC /* Debug */ = {
			isa = XCBuildConfiguration;
			baseConfigurationReference = 05E665F09D7D486BB0B043B5 /* Pods.xcconfig */;
			buildSettings = {
				ALWAYS_SEARCH_USER_PATHS = NO;
				FRAMEWORK_SEARCH_PATHS = (
					"$(inherited)",
					"\"$(SYSTEM_APPS_DIR)/Xcode 2.app/Contents/Developer/Library/Frameworks\"",
				);
				GCC_PRECOMPILE_PREFIX_HEADER = YES;
				GCC_PREFIX_HEADER = "iphoneReader/iphoneReader-Prefix.pch";
				INFOPLIST_FILE = "iphoneReader/iphoneReader-Info.plist";
				PRODUCT_NAME = "$(TARGET_NAME)";
				WRAPPER_EXTENSION = app;
			};
			name = Debug;
		};
		9A477218181673F800088FAC /* Release */ = {
			isa = XCBuildConfiguration;
			baseConfigurationReference = 05E665F09D7D486BB0B043B5 /* Pods.xcconfig */;
			buildSettings = {
				ALWAYS_SEARCH_USER_PATHS = NO;
				FRAMEWORK_SEARCH_PATHS = (
					"$(inherited)",
					"\"$(SYSTEM_APPS_DIR)/Xcode 2.app/Contents/Developer/Library/Frameworks\"",
				);
				GCC_PRECOMPILE_PREFIX_HEADER = YES;
				GCC_PREFIX_HEADER = "iphoneReader/iphoneReader-Prefix.pch";
				INFOPLIST_FILE = "iphoneReader/iphoneReader-Info.plist";
				PRODUCT_NAME = "$(TARGET_NAME)";
				WRAPPER_EXTENSION = app;
			};
			name = Release;
		};
/* End XCBuildConfiguration section */

/* Begin XCConfigurationList section */
		9A4771F4181673F800088FAC /* Build configuration list for PBXProject "iphoneReader" */ = {
			isa = XCConfigurationList;
			buildConfigurations = (
				9A477214181673F800088FAC /* Debug */,
				9A477215181673F800088FAC /* Release */,
			);
			defaultConfigurationIsVisible = 0;
			defaultConfigurationName = Release;
		};
		9A477216181673F800088FAC /* Build configuration list for PBXNativeTarget "iphoneReader" */ = {
			isa = XCConfigurationList;
			buildConfigurations = (
				9A477217181673F800088FAC /* Debug */,
				9A477218181673F800088FAC /* Release */,
			);
			defaultConfigurationIsVisible = 0;
			defaultConfigurationName = Release;
		};
/* End XCConfigurationList section */
	};
	rootObject = 9A4771F1181673F800088FAC /* Project object */;
}
